
Microsoft Visual Studio Solution File, Format Version 12.00
# Visual Studio Version 16
VisualStudioVersion = 16.0.30406.217
MinimumVisualStudioVersion = 10.0.40219.1
Project("{FAE04EC0-301F-11D3-BF4B-00C04F79EFBC}") = "MathOperationsApp", "MathOperationsApp\MathOperationsApp.csproj", "{4CA77F1D-14F9-4596-AB85-2A045C734ED8}"
EndProject
Global
	GlobalSection(SolutionConfigurationPlatforms) = preSolution
		Debug|Any CPU = Debug|Any CPU
		Release|Any CPU = Release|Any CPU
	EndGlobalSection
	GlobalSection(ProjectConfigurationPlatforms) = postSolution
		{4CA77F1D-14F9-4596-AB85-2A045C734ED8}.Debug|Any CPU.ActiveCfg = Debug|Any CPU
		{4CA77F1D-14F9-4596-AB85-2A045C734ED8}.Debug|Any CPU.Build.0 = Debug|Any CPU
		{4CA77F1D-14F9-4596-AB85-2A045C734ED8}.Release|Any CPU.ActiveCfg = Release|Any CPU
		{4CA77F1D-14F9-4596-AB85-2A045C734ED8}.Release|Any CPU.Build.0 = Release|Any CPU
	EndGlobalSection
	GlobalSection(SolutionProperties) = preSolution
		HideSolutionNode = FALSE
	EndGlobalSection
	GlobalSection(ExtensibilityGlobals) = postSolution
		SolutionGuid = {2B161873-3F16-48C5-85D8-A5900EA40014}
	EndGlobalSection
EndGlobal
