
Microsoft Visual Studio Solution File, Format Version 12.00
# Visual Studio Version 16
VisualStudioVersion = 16.0.30406.217
MinimumVisualStudioVersion = 10.0.40219.1
Project("{FAE04EC0-301F-11D3-BF4B-00C04F79EFBC}") = "Hello World", "Hello World\Hello World.csproj", "{1D38D91A-4EED-4F9C-B52A-C6ABC2423516}"
EndProject
Global
	GlobalSection(SolutionConfigurationPlatforms) = preSolution
		Debug|Any CPU = Debug|Any CPU
		Release|Any CPU = Release|Any CPU
	EndGlobalSection
	GlobalSection(ProjectConfigurationPlatforms) = postSolution
		{1D38D91A-4EED-4F9C-B52A-C6ABC2423516}.Debug|Any CPU.ActiveCfg = Debug|Any CPU
		{1D38D91A-4EED-4F9C-B52A-C6ABC2423516}.Debug|Any CPU.Build.0 = Debug|Any CPU
		{1D38D91A-4EED-4F9C-B52A-C6ABC2423516}.Release|Any CPU.ActiveCfg = Release|Any CPU
		{1D38D91A-4EED-4F9C-B52A-C6ABC2423516}.Release|Any CPU.Build.0 = Release|Any CPU
	EndGlobalSection
	GlobalSection(SolutionProperties) = preSolution
		HideSolutionNode = FALSE
	EndGlobalSection
	GlobalSection(ExtensibilityGlobals) = postSolution
		SolutionGuid = {F544F37D-FEB9-45BE-8CD8-E483787BDFF9}
	EndGlobalSection
EndGlobal
